// !$*UTF8*$!
{
	archiveVersion = 1;
	classes = {
	};
	objectVersion = 48;
	objects = {

/* Begin PBXBuildFile section */
		0B0A7DAB1FBED0C400293ED2 /* NetworkResponse.swift in Sources */ = {isa = PBXBuildFile; fileRef = 0B0A7DAA1FBED0C400293ED2 /* NetworkResponse.swift */; };
		0B0A7DAD1FBED0F400293ED2 /* Network.swift in Sources */ = {isa = PBXBuildFile; fileRef = 0B0A7DAC1FBED0F400293ED2 /* Network.swift */; };
		0B0A7DAF1FBED22400293ED2 /* NetworkErrors.swift in Sources */ = {isa = PBXBuildFile; fileRef = 0B0A7DAE1FBED22400293ED2 /* NetworkErrors.swift */; };
		0B295CD11FBC8EF700898DA7 /* App.swift in Sources */ = {isa = PBXBuildFile; fileRef = 0B295CD01FBC8EF700898DA7 /* App.swift */; };
		0B295CD81FBC8EF700898DA7 /* Assets.xcassets in Resources */ = {isa = PBXBuildFile; fileRef = 0B295CD71FBC8EF700898DA7 /* Assets.xcassets */; };
		0B295CDB1FBC8EF700898DA7 /* LaunchScreen.storyboard in Resources */ = {isa = PBXBuildFile; fileRef = 0B295CD91FBC8EF700898DA7 /* LaunchScreen.storyboard */; };
		0B295CF91FBC8F4100898DA7 /* FruitDetailAssembler.swift in Sources */ = {isa = PBXBuildFile; fileRef = 0B295CF21FBC8F4100898DA7 /* FruitDetailAssembler.swift */; };
		0B295CFA1FBC8F4100898DA7 /* FruitDetailPresenter.swift in Sources */ = {isa = PBXBuildFile; fileRef = 0B295CF31FBC8F4100898DA7 /* FruitDetailPresenter.swift */; };
		0B295CFB1FBC8F4100898DA7 /* FruitDetailProtocols.swift in Sources */ = {isa = PBXBuildFile; fileRef = 0B295CF41FBC8F4100898DA7 /* FruitDetailProtocols.swift */; };
		0B295CFC1FBC8F4100898DA7 /* FruitDetailInteractor.swift in Sources */ = {isa = PBXBuildFile; fileRef = 0B295CF51FBC8F4100898DA7 /* FruitDetailInteractor.swift */; };
		0B295CFD1FBC8F4100898DA7 /* FruitDetailView.swift in Sources */ = {isa = PBXBuildFile; fileRef = 0B295CF61FBC8F4100898DA7 /* FruitDetailView.swift */; };
		0B295CFE1FBC8F4100898DA7 /* FruitDetailView.xib in Resources */ = {isa = PBXBuildFile; fileRef = 0B295CF71FBC8F4100898DA7 /* FruitDetailView.xib */; };
		0B295D111FBC90A200898DA7 /* Fruit.swift in Sources */ = {isa = PBXBuildFile; fileRef = 0B295D101FBC90A100898DA7 /* Fruit.swift */; };
		0B295D191FBC90F900898DA7 /* FruitListingAssembler.swift in Sources */ = {isa = PBXBuildFile; fileRef = 0B295D121FBC90F900898DA7 /* FruitListingAssembler.swift */; };
		0B295D1A1FBC90F900898DA7 /* FruitListingPresenter.swift in Sources */ = {isa = PBXBuildFile; fileRef = 0B295D131FBC90F900898DA7 /* FruitListingPresenter.swift */; };
		0B295D1B1FBC90F900898DA7 /* FruitListingProtocols.swift in Sources */ = {isa = PBXBuildFile; fileRef = 0B295D141FBC90F900898DA7 /* FruitListingProtocols.swift */; };
		0B295D1C1FBC90F900898DA7 /* FruitListingInteractor.swift in Sources */ = {isa = PBXBuildFile; fileRef = 0B295D151FBC90F900898DA7 /* FruitListingInteractor.swift */; };
		0B295D1D1FBC90F900898DA7 /* FruitListingView.swift in Sources */ = {isa = PBXBuildFile; fileRef = 0B295D161FBC90F900898DA7 /* FruitListingView.swift */; };
		0B295D1E1FBC90F900898DA7 /* FruitListingView.xib in Resources */ = {isa = PBXBuildFile; fileRef = 0B295D171FBC90F900898DA7 /* FruitListingView.xib */; };
		0B295D231FBC913B00898DA7 /* Grocery.swift in Sources */ = {isa = PBXBuildFile; fileRef = 0B295D221FBC913B00898DA7 /* Grocery.swift */; };
		0B295D291FBC930400898DA7 /* Result.swift in Sources */ = {isa = PBXBuildFile; fileRef = 0B295D281FBC930400898DA7 /* Result.swift */; };
		0B295D351FBC99BB00898DA7 /* AppRouter.swift in Sources */ = {isa = PBXBuildFile; fileRef = 0B295D341FBC99BB00898DA7 /* AppRouter.swift */; };
		0B295D381FBCA50F00898DA7 /* ThreadSwitching.swift in Sources */ = {isa = PBXBuildFile; fileRef = 0B295D371FBCA50F00898DA7 /* ThreadSwitching.swift */; };
		0B295D3B1FBCA63800898DA7 /* Usage.swift in Sources */ = {isa = PBXBuildFile; fileRef = 0B295D3A1FBCA63800898DA7 /* Usage.swift */; };
		0B33074D1FBF325A00CE0026 /* Nimble.framework in Frameworks */ = {isa = PBXBuildFile; fileRef = 0B33074B1FBF325A00CE0026 /* Nimble.framework */; };
		0B33074E1FBF325A00CE0026 /* Quick.framework in Frameworks */ = {isa = PBXBuildFile; fileRef = 0B33074C1FBF325A00CE0026 /* Quick.framework */; };
		0B33074F1FBF327800CE0026 /* Nimble.framework in CopyFiles */ = {isa = PBXBuildFile; fileRef = 0B33074B1FBF325A00CE0026 /* Nimble.framework */; settings = {ATTRIBUTES = (CodeSignOnCopy, RemoveHeadersOnCopy, ); }; };
		0B3307501FBF327800CE0026 /* Quick.framework in CopyFiles */ = {isa = PBXBuildFile; fileRef = 0B33074C1FBF325A00CE0026 /* Quick.framework */; settings = {ATTRIBUTES = (CodeSignOnCopy, RemoveHeadersOnCopy, ); }; };
		0B3307521FBF3A4400CE0026 /* main.swift in Sources */ = {isa = PBXBuildFile; fileRef = 0B3307511FBF3A4400CE0026 /* main.swift */; };
		0B3307551FBF3BE900CE0026 /* UserReporterSpy.swift in Sources */ = {isa = PBXBuildFile; fileRef = 0B3307541FBF3BE900CE0026 /* UserReporterSpy.swift */; };
		0B3307571FBF3CA800CE0026 /* GroceryAssistantFake.swift in Sources */ = {isa = PBXBuildFile; fileRef = 0B3307561FBF3CA800CE0026 /* GroceryAssistantFake.swift */; };
		0B3307591FBF3CBD00CE0026 /* FruitFactory.swift in Sources */ = {isa = PBXBuildFile; fileRef = 0B3307581FBF3CBD00CE0026 /* FruitFactory.swift */; };
		0B33075B1FBF42F200CE0026 /* FruitDetailSpec.swift in Sources */ = {isa = PBXBuildFile; fileRef = 0B33075A1FBF42F200CE0026 /* FruitDetailSpec.swift */; };
		0B3307621FBF46D200CE0026 /* GrocerySpec.swift in Sources */ = {isa = PBXBuildFile; fileRef = 0B3307611FBF46D200CE0026 /* GrocerySpec.swift */; };
		0B3307641FBF4B0400CE0026 /* URLSessionFake.swift in Sources */ = {isa = PBXBuildFile; fileRef = 0B3307631FBF4B0400CE0026 /* URLSessionFake.swift */; };
		0B3307661FBF4B1B00CE0026 /* JSONFactory.swift in Sources */ = {isa = PBXBuildFile; fileRef = 0B3307651FBF4B1B00CE0026 /* JSONFactory.swift */; };
		0B3307681FBF4B8900CE0026 /* NetworkResponseFactory.swift in Sources */ = {isa = PBXBuildFile; fileRef = 0B3307671FBF4B8900CE0026 /* NetworkResponseFactory.swift */; };
		0B33076A1FBF4D0D00CE0026 /* NetworkInterfaceFake.swift in Sources */ = {isa = PBXBuildFile; fileRef = 0B3307691FBF4D0D00CE0026 /* NetworkInterfaceFake.swift */; };
		0B33076C1FBF4D2700CE0026 /* UsageSpec.swift in Sources */ = {isa = PBXBuildFile; fileRef = 0B33076B1FBF4D2700CE0026 /* UsageSpec.swift */; };
		0B33076F1FBF51A900CE0026 /* API.swift in Sources */ = {isa = PBXBuildFile; fileRef = 0B33076E1FBF51A900CE0026 /* API.swift */; };
		0B3307721FBF56DB00CE0026 /* UsageReportRequestSpec.swift in Sources */ = {isa = PBXBuildFile; fileRef = 0B3307711FBF56DB00CE0026 /* UsageReportRequestSpec.swift */; };
		0B3307771FBF570E00CE0026 /* FruitRequest.swift in Sources */ = {isa = PBXBuildFile; fileRef = 0B3307761FBF570E00CE0026 /* FruitRequest.swift */; };
		0B33077A1FBF573500CE0026 /* UsageReportResponse.swift in Sources */ = {isa = PBXBuildFile; fileRef = 0B3307791FBF573500CE0026 /* UsageReportResponse.swift */; };
		0B33077C1FBF582700CE0026 /* APISpec.swift in Sources */ = {isa = PBXBuildFile; fileRef = 0B33077B1FBF582700CE0026 /* APISpec.swift */; };
		0B5F8C311FBEDC700018A0B6 /* APIConfig.swift in Sources */ = {isa = PBXBuildFile; fileRef = 0B5F8C301FBEDC700018A0B6 /* APIConfig.swift */; };
		0B6BF68C1FBF129100245157 /* FruitResponse.swift in Sources */ = {isa = PBXBuildFile; fileRef = 0B6BF68B1FBF129100245157 /* FruitResponse.swift */; };
		0B6BF68E1FBF140200245157 /* UsageReportRequest.swift in Sources */ = {isa = PBXBuildFile; fileRef = 0B6BF68D1FBF140200245157 /* UsageReportRequest.swift */; };
		0BD510E71FBF2EED00FDAE69 /* FruitListingSpec.swift in Sources */ = {isa = PBXBuildFile; fileRef = 0BD510E61FBF2EED00FDAE69 /* FruitListingSpec.swift */; };
/* End PBXBuildFile section */

/* Begin PBXContainerItemProxy section */
		0B295CE21FBC8EF700898DA7 /* PBXContainerItemProxy */ = {
			isa = PBXContainerItemProxy;
			containerPortal = 0B295CC51FBC8EF700898DA7 /* Project object */;
			proxyType = 1;
			remoteGlobalIDString = 0B295CCC1FBC8EF700898DA7;
			remoteInfo = bbc;
		};
/* End PBXContainerItemProxy section */

/* Begin PBXCopyFilesBuildPhase section */
		0BD510E21FBF2EC000FDAE69 /* CopyFiles */ = {
			isa = PBXCopyFilesBuildPhase;
			buildActionMask = 2147483647;
			dstPath = "";
			dstSubfolderSpec = 10;
			files = (
				0B33074F1FBF327800CE0026 /* Nimble.framework in CopyFiles */,
				0B3307501FBF327800CE0026 /* Quick.framework in CopyFiles */,
			);
			runOnlyForDeploymentPostprocessing = 0;
		};
/* End PBXCopyFilesBuildPhase section */

/* Begin PBXFileReference section */
		0B0A7DAA1FBED0C400293ED2 /* NetworkResponse.swift */ = {isa = PBXFileReference; lastKnownFileType = sourcecode.swift; path = NetworkResponse.swift; sourceTree = "<group>"; };
		0B0A7DAC1FBED0F400293ED2 /* Network.swift */ = {isa = PBXFileReference; lastKnownFileType = sourcecode.swift; path = Network.swift; sourceTree = "<group>"; };
		0B0A7DAE1FBED22400293ED2 /* NetworkErrors.swift */ = {isa = PBXFileReference; lastKnownFileType = sourcecode.swift; path = NetworkErrors.swift; sourceTree = "<group>"; };
		0B295CCD1FBC8EF700898DA7 /* bbc.app */ = {isa = PBXFileReference; explicitFileType = wrapper.application; includeInIndex = 0; path = bbc.app; sourceTree = BUILT_PRODUCTS_DIR; };
		0B295CD01FBC8EF700898DA7 /* App.swift */ = {isa = PBXFileReference; lastKnownFileType = sourcecode.swift; path = App.swift; sourceTree = "<group>"; };
		0B295CD71FBC8EF700898DA7 /* Assets.xcassets */ = {isa = PBXFileReference; lastKnownFileType = folder.assetcatalog; path = Assets.xcassets; sourceTree = "<group>"; };
		0B295CDA1FBC8EF700898DA7 /* Base */ = {isa = PBXFileReference; lastKnownFileType = file.storyboard; name = Base; path = Base.lproj/LaunchScreen.storyboard; sourceTree = "<group>"; };
		0B295CDC1FBC8EF700898DA7 /* Info.plist */ = {isa = PBXFileReference; lastKnownFileType = text.plist.xml; path = Info.plist; sourceTree = "<group>"; };
		0B295CE11FBC8EF700898DA7 /* bbcTests.xctest */ = {isa = PBXFileReference; explicitFileType = wrapper.cfbundle; includeInIndex = 0; path = bbcTests.xctest; sourceTree = BUILT_PRODUCTS_DIR; };
		0B295CE71FBC8EF700898DA7 /* Info.plist */ = {isa = PBXFileReference; lastKnownFileType = text.plist.xml; path = Info.plist; sourceTree = "<group>"; };
		0B295CF21FBC8F4100898DA7 /* FruitDetailAssembler.swift */ = {isa = PBXFileReference; lastKnownFileType = sourcecode.swift; path = FruitDetailAssembler.swift; sourceTree = "<group>"; };
		0B295CF31FBC8F4100898DA7 /* FruitDetailPresenter.swift */ = {isa = PBXFileReference; lastKnownFileType = sourcecode.swift; path = FruitDetailPresenter.swift; sourceTree = "<group>"; };
		0B295CF41FBC8F4100898DA7 /* FruitDetailProtocols.swift */ = {isa = PBXFileReference; lastKnownFileType = sourcecode.swift; path = FruitDetailProtocols.swift; sourceTree = "<group>"; };
		0B295CF51FBC8F4100898DA7 /* FruitDetailInteractor.swift */ = {isa = PBXFileReference; lastKnownFileType = sourcecode.swift; path = FruitDetailInteractor.swift; sourceTree = "<group>"; };
		0B295CF61FBC8F4100898DA7 /* FruitDetailView.swift */ = {isa = PBXFileReference; lastKnownFileType = sourcecode.swift; path = FruitDetailView.swift; sourceTree = "<group>"; };
		0B295CF71FBC8F4100898DA7 /* FruitDetailView.xib */ = {isa = PBXFileReference; lastKnownFileType = file.xib; path = FruitDetailView.xib; sourceTree = "<group>"; };
		0B295D101FBC90A100898DA7 /* Fruit.swift */ = {isa = PBXFileReference; lastKnownFileType = sourcecode.swift; path = Fruit.swift; sourceTree = "<group>"; };
		0B295D121FBC90F900898DA7 /* FruitListingAssembler.swift */ = {isa = PBXFileReference; lastKnownFileType = sourcecode.swift; path = FruitListingAssembler.swift; sourceTree = "<group>"; };
		0B295D131FBC90F900898DA7 /* FruitListingPresenter.swift */ = {isa = PBXFileReference; lastKnownFileType = sourcecode.swift; path = FruitListingPresenter.swift; sourceTree = "<group>"; };
		0B295D141FBC90F900898DA7 /* FruitListingProtocols.swift */ = {isa = PBXFileReference; lastKnownFileType = sourcecode.swift; path = FruitListingProtocols.swift; sourceTree = "<group>"; };
		0B295D151FBC90F900898DA7 /* FruitListingInteractor.swift */ = {isa = PBXFileReference; lastKnownFileType = sourcecode.swift; path = FruitListingInteractor.swift; sourceTree = "<group>"; };
		0B295D161FBC90F900898DA7 /* FruitListingView.swift */ = {isa = PBXFileReference; lastKnownFileType = sourcecode.swift; path = FruitListingView.swift; sourceTree = "<group>"; };
		0B295D171FBC90F900898DA7 /* FruitListingView.xib */ = {isa = PBXFileReference; lastKnownFileType = file.xib; path = FruitListingView.xib; sourceTree = "<group>"; };
		0B295D221FBC913B00898DA7 /* Grocery.swift */ = {isa = PBXFileReference; lastKnownFileType = sourcecode.swift; path = Grocery.swift; sourceTree = "<group>"; };
		0B295D281FBC930400898DA7 /* Result.swift */ = {isa = PBXFileReference; lastKnownFileType = sourcecode.swift; path = Result.swift; sourceTree = "<group>"; };
		0B295D341FBC99BB00898DA7 /* AppRouter.swift */ = {isa = PBXFileReference; lastKnownFileType = sourcecode.swift; path = AppRouter.swift; sourceTree = "<group>"; };
		0B295D371FBCA50F00898DA7 /* ThreadSwitching.swift */ = {isa = PBXFileReference; lastKnownFileType = sourcecode.swift; path = ThreadSwitching.swift; sourceTree = "<group>"; };
		0B295D3A1FBCA63800898DA7 /* Usage.swift */ = {isa = PBXFileReference; lastKnownFileType = sourcecode.swift; path = Usage.swift; sourceTree = "<group>"; };
		0B33074B1FBF325A00CE0026 /* Nimble.framework */ = {isa = PBXFileReference; lastKnownFileType = wrapper.framework; name = Nimble.framework; path = Carthage/Build/iOS/Nimble.framework; sourceTree = SOURCE_ROOT; };
		0B33074C1FBF325A00CE0026 /* Quick.framework */ = {isa = PBXFileReference; lastKnownFileType = wrapper.framework; name = Quick.framework; path = Carthage/Build/iOS/Quick.framework; sourceTree = SOURCE_ROOT; };
		0B3307511FBF3A4400CE0026 /* main.swift */ = {isa = PBXFileReference; lastKnownFileType = sourcecode.swift; path = main.swift; sourceTree = "<group>"; };
		0B3307541FBF3BE900CE0026 /* UserReporterSpy.swift */ = {isa = PBXFileReference; lastKnownFileType = sourcecode.swift; path = UserReporterSpy.swift; sourceTree = "<group>"; };
		0B3307561FBF3CA800CE0026 /* GroceryAssistantFake.swift */ = {isa = PBXFileReference; lastKnownFileType = sourcecode.swift; path = GroceryAssistantFake.swift; sourceTree = "<group>"; };
		0B3307581FBF3CBD00CE0026 /* FruitFactory.swift */ = {isa = PBXFileReference; lastKnownFileType = sourcecode.swift; path = FruitFactory.swift; sourceTree = "<group>"; };
		0B33075A1FBF42F200CE0026 /* FruitDetailSpec.swift */ = {isa = PBXFileReference; lastKnownFileType = sourcecode.swift; path = FruitDetailSpec.swift; sourceTree = "<group>"; };
		0B3307611FBF46D200CE0026 /* GrocerySpec.swift */ = {isa = PBXFileReference; lastKnownFileType = sourcecode.swift; path = GrocerySpec.swift; sourceTree = "<group>"; };
		0B3307631FBF4B0400CE0026 /* URLSessionFake.swift */ = {isa = PBXFileReference; lastKnownFileType = sourcecode.swift; path = URLSessionFake.swift; sourceTree = "<group>"; };
		0B3307651FBF4B1B00CE0026 /* JSONFactory.swift */ = {isa = PBXFileReference; lastKnownFileType = sourcecode.swift; path = JSONFactory.swift; sourceTree = "<group>"; };
		0B3307671FBF4B8900CE0026 /* NetworkResponseFactory.swift */ = {isa = PBXFileReference; lastKnownFileType = sourcecode.swift; path = NetworkResponseFactory.swift; sourceTree = "<group>"; };
		0B3307691FBF4D0D00CE0026 /* NetworkInterfaceFake.swift */ = {isa = PBXFileReference; lastKnownFileType = sourcecode.swift; path = NetworkInterfaceFake.swift; sourceTree = "<group>"; };
		0B33076B1FBF4D2700CE0026 /* UsageSpec.swift */ = {isa = PBXFileReference; lastKnownFileType = sourcecode.swift; path = UsageSpec.swift; sourceTree = "<group>"; };
		0B33076E1FBF51A900CE0026 /* API.swift */ = {isa = PBXFileReference; lastKnownFileType = sourcecode.swift; path = API.swift; sourceTree = "<group>"; };
		0B3307711FBF56DB00CE0026 /* UsageReportRequestSpec.swift */ = {isa = PBXFileReference; lastKnownFileType = sourcecode.swift; path = UsageReportRequestSpec.swift; sourceTree = "<group>"; };
		0B3307761FBF570E00CE0026 /* FruitRequest.swift */ = {isa = PBXFileReference; lastKnownFileType = sourcecode.swift; path = FruitRequest.swift; sourceTree = "<group>"; };
		0B3307791FBF573500CE0026 /* UsageReportResponse.swift */ = {isa = PBXFileReference; lastKnownFileType = sourcecode.swift; path = UsageReportResponse.swift; sourceTree = "<group>"; };
		0B33077B1FBF582700CE0026 /* APISpec.swift */ = {isa = PBXFileReference; lastKnownFileType = sourcecode.swift; path = APISpec.swift; sourceTree = "<group>"; };
		0B5F8C301FBEDC700018A0B6 /* APIConfig.swift */ = {isa = PBXFileReference; lastKnownFileType = sourcecode.swift; path = APIConfig.swift; sourceTree = "<group>"; };
		0B6BF68B1FBF129100245157 /* FruitResponse.swift */ = {isa = PBXFileReference; lastKnownFileType = sourcecode.swift; path = FruitResponse.swift; sourceTree = "<group>"; };
		0B6BF68D1FBF140200245157 /* UsageReportRequest.swift */ = {isa = PBXFileReference; lastKnownFileType = sourcecode.swift; path = UsageReportRequest.swift; sourceTree = "<group>"; };
		0BD510E61FBF2EED00FDAE69 /* FruitListingSpec.swift */ = {isa = PBXFileReference; lastKnownFileType = sourcecode.swift; path = FruitListingSpec.swift; sourceTree = "<group>"; };
/* End PBXFileReference section */

/* Begin PBXFrameworksBuildPhase section */
		0B295CCA1FBC8EF700898DA7 /* Frameworks */ = {
			isa = PBXFrameworksBuildPhase;
			buildActionMask = 2147483647;
			files = (
			);
			runOnlyForDeploymentPostprocessing = 0;
		};
		0B295CDE1FBC8EF700898DA7 /* Frameworks */ = {
			isa = PBXFrameworksBuildPhase;
			buildActionMask = 2147483647;
			files = (
				0B33074E1FBF325A00CE0026 /* Quick.framework in Frameworks */,
				0B33074D1FBF325A00CE0026 /* Nimble.framework in Frameworks */,
			);
			runOnlyForDeploymentPostprocessing = 0;
		};
/* End PBXFrameworksBuildPhase section */

/* Begin PBXGroup section */
		0B0A7DA81FBED09600293ED2 /* Infrastructure */ = {
			isa = PBXGroup;
			children = (
				0B0A7DA91FBED0B500293ED2 /* API */,
				0B33076D1FBF511C00CE0026 /* Network */,
			);
			path = Infrastructure;
			sourceTree = "<group>";
		};
		0B0A7DA91FBED0B500293ED2 /* API */ = {
			isa = PBXGroup;
			children = (
				0B33076E1FBF51A900CE0026 /* API.swift */,
				0B5F8C301FBEDC700018A0B6 /* APIConfig.swift */,
				0B3307751FBF56F200CE0026 /* Requests */,
				0B3307781FBF571800CE0026 /* Responses */,
			);
			path = API;
			sourceTree = "<group>";
		};
		0B295CC41FBC8EF700898DA7 = {
			isa = PBXGroup;
			children = (
				0B295CCF1FBC8EF700898DA7 /* bbc */,
				0B295CE41FBC8EF700898DA7 /* bbcTests */,
				0B295CCE1FBC8EF700898DA7 /* Products */,
			);
			sourceTree = "<group>";
		};
		0B295CCE1FBC8EF700898DA7 /* Products */ = {
			isa = PBXGroup;
			children = (
				0B295CCD1FBC8EF700898DA7 /* bbc.app */,
				0B295CE11FBC8EF700898DA7 /* bbcTests.xctest */,
			);
			name = Products;
			sourceTree = "<group>";
		};
		0B295CCF1FBC8EF700898DA7 /* bbc */ = {
			isa = PBXGroup;
			children = (
				0B295CD01FBC8EF700898DA7 /* App.swift */,
				0B295D0E1FBC908F00898DA7 /* UX */,
				0B295D0F1FBC909400898DA7 /* Domain */,
				0B295CD71FBC8EF700898DA7 /* Assets.xcassets */,
				0B295CD91FBC8EF700898DA7 /* LaunchScreen.storyboard */,
				0B295CDC1FBC8EF700898DA7 /* Info.plist */,
				0B3307511FBF3A4400CE0026 /* main.swift */,
			);
			path = bbc;
			sourceTree = "<group>";
		};
		0B295CE41FBC8EF700898DA7 /* bbcTests */ = {
			isa = PBXGroup;
			children = (
				0B33074A1FBF323300CE0026 /* _ */,
				0BD510E51FBF2ED800FDAE69 /* Specs */,
				0B295CE71FBC8EF700898DA7 /* Info.plist */,
			);
			path = bbcTests;
			sourceTree = "<group>";
		};
		0B295CF01FBC8F1400898DA7 /* Fruit Detail */ = {
			isa = PBXGroup;
			children = (
				0B295CF21FBC8F4100898DA7 /* FruitDetailAssembler.swift */,
				0B295CF31FBC8F4100898DA7 /* FruitDetailPresenter.swift */,
				0B295CF41FBC8F4100898DA7 /* FruitDetailProtocols.swift */,
				0B295CF51FBC8F4100898DA7 /* FruitDetailInteractor.swift */,
				0B295CF61FBC8F4100898DA7 /* FruitDetailView.swift */,
				0B295CF71FBC8F4100898DA7 /* FruitDetailView.xib */,
			);
			path = "Fruit Detail";
			sourceTree = "<group>";
		};
		0B295CF11FBC8F1A00898DA7 /* Fruit Listing */ = {
			isa = PBXGroup;
			children = (
				0B295D121FBC90F900898DA7 /* FruitListingAssembler.swift */,
				0B295D131FBC90F900898DA7 /* FruitListingPresenter.swift */,
				0B295D141FBC90F900898DA7 /* FruitListingProtocols.swift */,
				0B295D151FBC90F900898DA7 /* FruitListingInteractor.swift */,
				0B295D161FBC90F900898DA7 /* FruitListingView.swift */,
				0B295D171FBC90F900898DA7 /* FruitListingView.xib */,
			);
			path = "Fruit Listing";
			sourceTree = "<group>";
		};
		0B295D0E1FBC908F00898DA7 /* UX */ = {
			isa = PBXGroup;
			children = (
				0B295D331FBC99A700898DA7 /* Routes */,
				0B295D2D1FBC962700898DA7 /* Screens */,
			);
			path = UX;
			sourceTree = "<group>";
		};
		0B295D0F1FBC909400898DA7 /* Domain */ = {
			isa = PBXGroup;
			children = (
				0B295D391FBCA62A00898DA7 /* Services */,
				0B0A7DA81FBED09600293ED2 /* Infrastructure */,
				0B295D361FBCA50400898DA7 /* Helpers */,
				0B295D201FBC90FD00898DA7 /* Models */,
			);
			path = Domain;
			sourceTree = "<group>";
		};
		0B295D201FBC90FD00898DA7 /* Models */ = {
			isa = PBXGroup;
			children = (
				0B295D101FBC90A100898DA7 /* Fruit.swift */,
				0B295D281FBC930400898DA7 /* Result.swift */,
			);
			path = Models;
			sourceTree = "<group>";
		};
		0B295D2D1FBC962700898DA7 /* Screens */ = {
			isa = PBXGroup;
			children = (
				0B295CF01FBC8F1400898DA7 /* Fruit Detail */,
				0B295CF11FBC8F1A00898DA7 /* Fruit Listing */,
			);
			path = Screens;
			sourceTree = "<group>";
		};
		0B295D331FBC99A700898DA7 /* Routes */ = {
			isa = PBXGroup;
			children = (
				0B295D341FBC99BB00898DA7 /* AppRouter.swift */,
			);
			path = Routes;
			sourceTree = "<group>";
		};
		0B295D361FBCA50400898DA7 /* Helpers */ = {
			isa = PBXGroup;
			children = (
				0B295D371FBCA50F00898DA7 /* ThreadSwitching.swift */,
			);
			path = Helpers;
			sourceTree = "<group>";
		};
		0B295D391FBCA62A00898DA7 /* Services */ = {
			isa = PBXGroup;
			children = (
				0B295D221FBC913B00898DA7 /* Grocery.swift */,
				0B295D3A1FBCA63800898DA7 /* Usage.swift */,
			);
			path = Services;
			sourceTree = "<group>";
		};
		0B33074A1FBF323300CE0026 /* _ */ = {
			isa = PBXGroup;
			children = (
				0B33074B1FBF325A00CE0026 /* Nimble.framework */,
				0B33074C1FBF325A00CE0026 /* Quick.framework */,
			);
			path = _;
			sourceTree = "<group>";
		};
		0B3307531FBF3BDF00CE0026 /* Helpers */ = {
			isa = PBXGroup;
			children = (
				0B3307541FBF3BE900CE0026 /* UserReporterSpy.swift */,
				0B3307561FBF3CA800CE0026 /* GroceryAssistantFake.swift */,
				0B3307581FBF3CBD00CE0026 /* FruitFactory.swift */,
				0B3307631FBF4B0400CE0026 /* URLSessionFake.swift */,
				0B3307651FBF4B1B00CE0026 /* JSONFactory.swift */,
				0B3307671FBF4B8900CE0026 /* NetworkResponseFactory.swift */,
				0B3307691FBF4D0D00CE0026 /* NetworkInterfaceFake.swift */,
			);
			path = Helpers;
			sourceTree = "<group>";
		};
		0B33075C1FBF468000CE0026 /* UX */ = {
			isa = PBXGroup;
			children = (
				0BD510E61FBF2EED00FDAE69 /* FruitListingSpec.swift */,
				0B33075A1FBF42F200CE0026 /* FruitDetailSpec.swift */,
			);
			path = UX;
			sourceTree = "<group>";
		};
		0B33075D1FBF468B00CE0026 /* Domain */ = {
			isa = PBXGroup;
			children = (
				0B3307701FBF56C100CE0026 /* Infrastructure */,
				0B3307601FBF46C200CE0026 /* Services */,
			);
			path = Domain;
			sourceTree = "<group>";
		};
		0B3307601FBF46C200CE0026 /* Services */ = {
			isa = PBXGroup;
			children = (
				0B3307611FBF46D200CE0026 /* GrocerySpec.swift */,
				0B33076B1FBF4D2700CE0026 /* UsageSpec.swift */,
			);
			path = Services;
			sourceTree = "<group>";
		};
		0B33076D1FBF511C00CE0026 /* Network */ = {
			isa = PBXGroup;
			children = (
				0B0A7DAA1FBED0C400293ED2 /* NetworkResponse.swift */,
				0B0A7DAC1FBED0F400293ED2 /* Network.swift */,
				0B0A7DAE1FBED22400293ED2 /* NetworkErrors.swift */,
			);
			path = Network;
			sourceTree = "<group>";
		};
		0B3307701FBF56C100CE0026 /* Infrastructure */ = {
			isa = PBXGroup;
			children = (
				0B3307731FBF56DF00CE0026 /* API */,
			);
			path = Infrastructure;
			sourceTree = "<group>";
		};
		0B3307731FBF56DF00CE0026 /* API */ = {
			isa = PBXGroup;
			children = (
				0B33077B1FBF582700CE0026 /* APISpec.swift */,
				0B3307741FBF56E700CE0026 /* Requests */,
			);
			path = API;
			sourceTree = "<group>";
		};
		0B3307741FBF56E700CE0026 /* Requests */ = {
			isa = PBXGroup;
			children = (
				0B3307711FBF56DB00CE0026 /* UsageReportRequestSpec.swift */,
			);
			path = Requests;
			sourceTree = "<group>";
		};
		0B3307751FBF56F200CE0026 /* Requests */ = {
			isa = PBXGroup;
			children = (
				0B3307761FBF570E00CE0026 /* FruitRequest.swift */,
				0B6BF68D1FBF140200245157 /* UsageReportRequest.swift */,
			);
			path = Requests;
			sourceTree = "<group>";
		};
		0B3307781FBF571800CE0026 /* Responses */ = {
			isa = PBXGroup;
			children = (
				0B6BF68B1FBF129100245157 /* FruitResponse.swift */,
				0B3307791FBF573500CE0026 /* UsageReportResponse.swift */,
			);
			path = Responses;
			sourceTree = "<group>";
		};
		0B33077D1FBF58C300CE0026 /* _ */ = {
			isa = PBXGroup;
			children = (
				0B3307531FBF3BDF00CE0026 /* Helpers */,
			);
			path = _;
			sourceTree = "<group>";
		};
		0BD510E51FBF2ED800FDAE69 /* Specs */ = {
			isa = PBXGroup;
			children = (
				0B33077D1FBF58C300CE0026 /* _ */,
				0B33075C1FBF468000CE0026 /* UX */,
				0B33075D1FBF468B00CE0026 /* Domain */,
			);
			path = Specs;
			sourceTree = "<group>";
		};
/* End PBXGroup section */

/* Begin PBXNativeTarget section */
		0B295CCC1FBC8EF700898DA7 /* bbc */ = {
			isa = PBXNativeTarget;
			buildConfigurationList = 0B295CEA1FBC8EF700898DA7 /* Build configuration list for PBXNativeTarget "bbc" */;
			buildPhases = (
				0B295CC91FBC8EF700898DA7 /* Sources */,
				0B295CCA1FBC8EF700898DA7 /* Frameworks */,
				0B295CCB1FBC8EF700898DA7 /* Resources */,
			);
			buildRules = (
			);
			dependencies = (
			);
			name = bbc;
			productName = bbc;
			productReference = 0B295CCD1FBC8EF700898DA7 /* bbc.app */;
			productType = "com.apple.product-type.application";
		};
		0B295CE01FBC8EF700898DA7 /* bbcTests */ = {
			isa = PBXNativeTarget;
			buildConfigurationList = 0B295CED1FBC8EF700898DA7 /* Build configuration list for PBXNativeTarget "bbcTests" */;
			buildPhases = (
				0B295CDD1FBC8EF700898DA7 /* Sources */,
				0B295CDE1FBC8EF700898DA7 /* Frameworks */,
				0B295CDF1FBC8EF700898DA7 /* Resources */,
				0BD510E21FBF2EC000FDAE69 /* CopyFiles */,
			);
			buildRules = (
			);
			dependencies = (
				0B295CE31FBC8EF700898DA7 /* PBXTargetDependency */,
			);
			name = bbcTests;
			productName = bbcTests;
			productReference = 0B295CE11FBC8EF700898DA7 /* bbcTests.xctest */;
			productType = "com.apple.product-type.bundle.unit-test";
		};
/* End PBXNativeTarget section */

/* Begin PBXProject section */
		0B295CC51FBC8EF700898DA7 /* Project object */ = {
			isa = PBXProject;
			attributes = {
				LastSwiftUpdateCheck = 0910;
				LastUpgradeCheck = 0910;
				ORGANIZATIONNAME = Mayker;
				TargetAttributes = {
					0B295CCC1FBC8EF700898DA7 = {
						CreatedOnToolsVersion = 9.1;
						ProvisioningStyle = Automatic;
					};
					0B295CE01FBC8EF700898DA7 = {
						CreatedOnToolsVersion = 9.1;
						LastSwiftMigration = 0910;
						ProvisioningStyle = Automatic;
						TestTargetID = 0B295CCC1FBC8EF700898DA7;
					};
				};
			};
			buildConfigurationList = 0B295CC81FBC8EF700898DA7 /* Build configuration list for PBXProject "bbc" */;
			compatibilityVersion = "Xcode 8.0";
			developmentRegion = en;
			hasScannedForEncodings = 0;
			knownRegions = (
				en,
				Base,
			);
			mainGroup = 0B295CC41FBC8EF700898DA7;
			productRefGroup = 0B295CCE1FBC8EF700898DA7 /* Products */;
			projectDirPath = "";
			projectRoot = "";
			targets = (
				0B295CCC1FBC8EF700898DA7 /* bbc */,
				0B295CE01FBC8EF700898DA7 /* bbcTests */,
			);
		};
/* End PBXProject section */

/* Begin PBXResourcesBuildPhase section */
		0B295CCB1FBC8EF700898DA7 /* Resources */ = {
			isa = PBXResourcesBuildPhase;
			buildActionMask = 2147483647;
			files = (
				0B295D1E1FBC90F900898DA7 /* FruitListingView.xib in Resources */,
				0B295CDB1FBC8EF700898DA7 /* LaunchScreen.storyboard in Resources */,
				0B295CD81FBC8EF700898DA7 /* Assets.xcassets in Resources */,
				0B295CFE1FBC8F4100898DA7 /* FruitDetailView.xib in Resources */,
			);
			runOnlyForDeploymentPostprocessing = 0;
		};
		0B295CDF1FBC8EF700898DA7 /* Resources */ = {
			isa = PBXResourcesBuildPhase;
			buildActionMask = 2147483647;
			files = (
			);
			runOnlyForDeploymentPostprocessing = 0;
		};
/* End PBXResourcesBuildPhase section */

/* Begin PBXSourcesBuildPhase section */
		0B295CC91FBC8EF700898DA7 /* Sources */ = {
			isa = PBXSourcesBuildPhase;
			buildActionMask = 2147483647;
			files = (
				0B295D231FBC913B00898DA7 /* Grocery.swift in Sources */,
				0B295D1D1FBC90F900898DA7 /* FruitListingView.swift in Sources */,
				0B295D351FBC99BB00898DA7 /* AppRouter.swift in Sources */,
				0B295D1A1FBC90F900898DA7 /* FruitListingPresenter.swift in Sources */,
				0B295CFA1FBC8F4100898DA7 /* FruitDetailPresenter.swift in Sources */,
				0B295D1B1FBC90F900898DA7 /* FruitListingProtocols.swift in Sources */,
				0B295D291FBC930400898DA7 /* Result.swift in Sources */,
				0B5F8C311FBEDC700018A0B6 /* APIConfig.swift in Sources */,
				0B295D191FBC90F900898DA7 /* FruitListingAssembler.swift in Sources */,
				0B295CFC1FBC8F4100898DA7 /* FruitDetailInteractor.swift in Sources */,
				0B3307771FBF570E00CE0026 /* FruitRequest.swift in Sources */,
				0B0A7DAB1FBED0C400293ED2 /* NetworkResponse.swift in Sources */,
				0B295D3B1FBCA63800898DA7 /* Usage.swift in Sources */,
				0B295D381FBCA50F00898DA7 /* ThreadSwitching.swift in Sources */,
				0B3307521FBF3A4400CE0026 /* main.swift in Sources */,
				0B0A7DAD1FBED0F400293ED2 /* Network.swift in Sources */,
				0B6BF68C1FBF129100245157 /* FruitResponse.swift in Sources */,
				0B33077A1FBF573500CE0026 /* UsageReportResponse.swift in Sources */,
				0B6BF68E1FBF140200245157 /* UsageReportRequest.swift in Sources */,
				0B0A7DAF1FBED22400293ED2 /* NetworkErrors.swift in Sources */,
				0B295D1C1FBC90F900898DA7 /* FruitListingInteractor.swift in Sources */,
				0B33076F1FBF51A900CE0026 /* API.swift in Sources */,
				0B295D111FBC90A200898DA7 /* Fruit.swift in Sources */,
				0B295CF91FBC8F4100898DA7 /* FruitDetailAssembler.swift in Sources */,
				0B295CD11FBC8EF700898DA7 /* App.swift in Sources */,
				0B295CFD1FBC8F4100898DA7 /* FruitDetailView.swift in Sources */,
				0B295CFB1FBC8F4100898DA7 /* FruitDetailProtocols.swift in Sources */,
			);
			runOnlyForDeploymentPostprocessing = 0;
		};
		0B295CDD1FBC8EF700898DA7 /* Sources */ = {
			isa = PBXSourcesBuildPhase;
			buildActionMask = 2147483647;
			files = (
				0B3307721FBF56DB00CE0026 /* UsageReportRequestSpec.swift in Sources */,
				0B3307571FBF3CA800CE0026 /* GroceryAssistantFake.swift in Sources */,
				0B33075B1FBF42F200CE0026 /* FruitDetailSpec.swift in Sources */,
				0B3307681FBF4B8900CE0026 /* NetworkResponseFactory.swift in Sources */,
				0B3307621FBF46D200CE0026 /* GrocerySpec.swift in Sources */,
				0B3307551FBF3BE900CE0026 /* UserReporterSpy.swift in Sources */,
				0BD510E71FBF2EED00FDAE69 /* FruitListingSpec.swift in Sources */,
				0B3307591FBF3CBD00CE0026 /* FruitFactory.swift in Sources */,
				0B33076A1FBF4D0D00CE0026 /* NetworkInterfaceFake.swift in Sources */,
				0B33076C1FBF4D2700CE0026 /* UsageSpec.swift in Sources */,
				0B33077C1FBF582700CE0026 /* APISpec.swift in Sources */,
				0B3307661FBF4B1B00CE0026 /* JSONFactory.swift in Sources */,
				0B3307641FBF4B0400CE0026 /* URLSessionFake.swift in Sources */,
			);
			runOnlyForDeploymentPostprocessing = 0;
		};
/* End PBXSourcesBuildPhase section */

/* Begin PBXTargetDependency section */
		0B295CE31FBC8EF700898DA7 /* PBXTargetDependency */ = {
			isa = PBXTargetDependency;
			target = 0B295CCC1FBC8EF700898DA7 /* bbc */;
			targetProxy = 0B295CE21FBC8EF700898DA7 /* PBXContainerItemProxy */;
		};
/* End PBXTargetDependency section */

/* Begin PBXVariantGroup section */
		0B295CD91FBC8EF700898DA7 /* LaunchScreen.storyboard */ = {
			isa = PBXVariantGroup;
			children = (
				0B295CDA1FBC8EF700898DA7 /* Base */,
			);
			name = LaunchScreen.storyboard;
			sourceTree = "<group>";
		};
/* End PBXVariantGroup section */

/* Begin XCBuildConfiguration section */
		0B295CE81FBC8EF700898DA7 /* Debug */ = {
			isa = XCBuildConfiguration;
			buildSettings = {
				ALWAYS_SEARCH_USER_PATHS = NO;
				CLANG_ANALYZER_NONNULL = YES;
				CLANG_ANALYZER_NUMBER_OBJECT_CONVERSION = YES_AGGRESSIVE;
				CLANG_CXX_LANGUAGE_STANDARD = "gnu++14";
				CLANG_CXX_LIBRARY = "libc++";
				CLANG_ENABLE_MODULES = YES;
				CLANG_ENABLE_OBJC_ARC = YES;
				CLANG_WARN_BLOCK_CAPTURE_AUTORELEASING = YES;
				CLANG_WARN_BOOL_CONVERSION = YES;
				CLANG_WARN_COMMA = YES;
				CLANG_WARN_CONSTANT_CONVERSION = YES;
				CLANG_WARN_DIRECT_OBJC_ISA_USAGE = YES_ERROR;
				CLANG_WARN_DOCUMENTATION_COMMENTS = YES;
				CLANG_WARN_EMPTY_BODY = YES;
				CLANG_WARN_ENUM_CONVERSION = YES;
				CLANG_WARN_INFINITE_RECURSION = YES;
				CLANG_WARN_INT_CONVERSION = YES;
				CLANG_WARN_NON_LITERAL_NULL_CONVERSION = YES;
				CLANG_WARN_OBJC_LITERAL_CONVERSION = YES;
				CLANG_WARN_OBJC_ROOT_CLASS = YES_ERROR;
				CLANG_WARN_RANGE_LOOP_ANALYSIS = YES;
				CLANG_WARN_STRICT_PROTOTYPES = YES;
				CLANG_WARN_SUSPICIOUS_MOVE = YES;
				CLANG_WARN_UNGUARDED_AVAILABILITY = YES_AGGRESSIVE;
				CLANG_WARN_UNREACHABLE_CODE = YES;
				CLANG_WARN__DUPLICATE_METHOD_MATCH = YES;
				CODE_SIGN_IDENTITY = "iPhone Developer";
				COPY_PHASE_STRIP = NO;
				DEBUG_INFORMATION_FORMAT = dwarf;
				ENABLE_STRICT_OBJC_MSGSEND = YES;
				ENABLE_TESTABILITY = YES;
				GCC_C_LANGUAGE_STANDARD = gnu11;
				GCC_DYNAMIC_NO_PIC = NO;
				GCC_NO_COMMON_BLOCKS = YES;
				GCC_OPTIMIZATION_LEVEL = 0;
				GCC_PREPROCESSOR_DEFINITIONS = (
					"DEBUG=1",
					"$(inherited)",
				);
				GCC_WARN_64_TO_32_BIT_CONVERSION = YES;
				GCC_WARN_ABOUT_RETURN_TYPE = YES_ERROR;
				GCC_WARN_UNDECLARED_SELECTOR = YES;
				GCC_WARN_UNINITIALIZED_AUTOS = YES_AGGRESSIVE;
				GCC_WARN_UNUSED_FUNCTION = YES;
				GCC_WARN_UNUSED_VARIABLE = YES;
				IPHONEOS_DEPLOYMENT_TARGET = 11.1;
				MTL_ENABLE_DEBUG_INFO = YES;
				ONLY_ACTIVE_ARCH = YES;
				SDKROOT = iphoneos;
				SWIFT_ACTIVE_COMPILATION_CONDITIONS = DEBUG;
				SWIFT_OPTIMIZATION_LEVEL = "-Onone";
			};
			name = Debug;
		};
		0B295CE91FBC8EF700898DA7 /* Release */ = {
			isa = XCBuildConfiguration;
			buildSettings = {
				ALWAYS_SEARCH_USER_PATHS = NO;
				CLANG_ANALYZER_NONNULL = YES;
				CLANG_ANALYZER_NUMBER_OBJECT_CONVERSION = YES_AGGRESSIVE;
				CLANG_CXX_LANGUAGE_STANDARD = "gnu++14";
				CLANG_CXX_LIBRARY = "libc++";
				CLANG_ENABLE_MODULES = YES;
				CLANG_ENABLE_OBJC_ARC = YES;
				CLANG_WARN_BLOCK_CAPTURE_AUTORELEASING = YES;
				CLANG_WARN_BOOL_CONVERSION = YES;
				CLANG_WARN_COMMA = YES;
				CLANG_WARN_CONSTANT_CONVERSION = YES;
				CLANG_WARN_DIRECT_OBJC_ISA_USAGE = YES_ERROR;
				CLANG_WARN_DOCUMENTATION_COMMENTS = YES;
				CLANG_WARN_EMPTY_BODY = YES;
				CLANG_WARN_ENUM_CONVERSION = YES;
				CLANG_WARN_INFINITE_RECURSION = YES;
				CLANG_WARN_INT_CONVERSION = YES;
				CLANG_WARN_NON_LITERAL_NULL_CONVERSION = YES;
				CLANG_WARN_OBJC_LITERAL_CONVERSION = YES;
				CLANG_WARN_OBJC_ROOT_CLASS = YES_ERROR;
				CLANG_WARN_RANGE_LOOP_ANALYSIS = YES;
				CLANG_WARN_STRICT_PROTOTYPES = YES;
				CLANG_WARN_SUSPICIOUS_MOVE = YES;
				CLANG_WARN_UNGUARDED_AVAILABILITY = YES_AGGRESSIVE;
				CLANG_WARN_UNREACHABLE_CODE = YES;
				CLANG_WARN__DUPLICATE_METHOD_MATCH = YES;
				CODE_SIGN_IDENTITY = "iPhone Developer";
				COPY_PHASE_STRIP = NO;
				DEBUG_INFORMATION_FORMAT = "dwarf-with-dsym";
				ENABLE_NS_ASSERTIONS = NO;
				ENABLE_STRICT_OBJC_MSGSEND = YES;
				GCC_C_LANGUAGE_STANDARD = gnu11;
				GCC_NO_COMMON_BLOCKS = YES;
				GCC_WARN_64_TO_32_BIT_CONVERSION = YES;
				GCC_WARN_ABOUT_RETURN_TYPE = YES_ERROR;
				GCC_WARN_UNDECLARED_SELECTOR = YES;
				GCC_WARN_UNINITIALIZED_AUTOS = YES_AGGRESSIVE;
				GCC_WARN_UNUSED_FUNCTION = YES;
				GCC_WARN_UNUSED_VARIABLE = YES;
				IPHONEOS_DEPLOYMENT_TARGET = 11.1;
				MTL_ENABLE_DEBUG_INFO = NO;
				SDKROOT = iphoneos;
				SWIFT_OPTIMIZATION_LEVEL = "-Owholemodule";
				VALIDATE_PRODUCT = YES;
			};
			name = Release;
		};
		0B295CEB1FBC8EF700898DA7 /* Debug */ = {
			isa = XCBuildConfiguration;
			buildSettings = {
				ASSETCATALOG_COMPILER_APPICON_NAME = AppIcon;
				CODE_SIGN_STYLE = Automatic;
				DEVELOPMENT_TEAM = UQFT9G967M;
				INFOPLIST_FILE = bbc/Info.plist;
				LD_RUNPATH_SEARCH_PATHS = "$(inherited) @executable_path/Frameworks";
				PRODUCT_BUNDLE_IDENTIFIER = co.uk.mayker.bbc;
				PRODUCT_NAME = "$(TARGET_NAME)";
				SWIFT_VERSION = 4.0;
				TARGETED_DEVICE_FAMILY = 1;
			};
			name = Debug;
		};
		0B295CEC1FBC8EF700898DA7 /* Release */ = {
			isa = XCBuildConfiguration;
			buildSettings = {
				ASSETCATALOG_COMPILER_APPICON_NAME = AppIcon;
				CODE_SIGN_STYLE = Automatic;
				DEVELOPMENT_TEAM = UQFT9G967M;
				INFOPLIST_FILE = bbc/Info.plist;
				LD_RUNPATH_SEARCH_PATHS = "$(inherited) @executable_path/Frameworks";
				PRODUCT_BUNDLE_IDENTIFIER = co.uk.mayker.bbc;
				PRODUCT_NAME = "$(TARGET_NAME)";
				SWIFT_VERSION = 4.0;
				TARGETED_DEVICE_FAMILY = 1;
			};
			name = Release;
		};
		0B295CEE1FBC8EF700898DA7 /* Debug */ = {
			isa = XCBuildConfiguration;
			buildSettings = {
				ALWAYS_EMBED_SWIFT_STANDARD_LIBRARIES = YES;
				BUNDLE_LOADER = "$(TEST_HOST)";
				CLANG_ENABLE_MODULES = YES;
				CODE_SIGN_STYLE = Automatic;
				DEVELOPMENT_TEAM = UQFT9G967M;
				FRAMEWORK_SEARCH_PATHS = (
					"$(inherited)",
					"$(PROJECT_DIR)/Carthage/Build/iOS",
				);
				INFOPLIST_FILE = bbcTests/Info.plist;
				LD_RUNPATH_SEARCH_PATHS = "$(inherited) @executable_path/Frameworks @loader_path/Frameworks";
				PRODUCT_BUNDLE_IDENTIFIER = co.uk.mayker.bbcTests;
				PRODUCT_NAME = "$(TARGET_NAME)";
				SWIFT_OPTIMIZATION_LEVEL = "-Onone";
				SWIFT_VERSION = 4.0;
				TARGETED_DEVICE_FAMILY = "1,2";
				TEST_HOST = "$(BUILT_PRODUCTS_DIR)/bbc.app/bbc";
			};
			name = Debug;
		};
		0B295CEF1FBC8EF700898DA7 /* Release */ = {
			isa = XCBuildConfiguration;
			buildSettings = {
				ALWAYS_EMBED_SWIFT_STANDARD_LIBRARIES = YES;
				BUNDLE_LOADER = "$(TEST_HOST)";
				CLANG_ENABLE_MODULES = YES;
				CODE_SIGN_STYLE = Automatic;
				DEVELOPMENT_TEAM = UQFT9G967M;
				FRAMEWORK_SEARCH_PATHS = (
					"$(inherited)",
					"$(PROJECT_DIR)/Carthage/Build/iOS",
				);
				INFOPLIST_FILE = bbcTests/Info.plist;
				LD_RUNPATH_SEARCH_PATHS = "$(inherited) @executable_path/Frameworks @loader_path/Frameworks";
				PRODUCT_BUNDLE_IDENTIFIER = co.uk.mayker.bbcTests;
				PRODUCT_NAME = "$(TARGET_NAME)";
				SWIFT_VERSION = 4.0;
				TARGETED_DEVICE_FAMILY = "1,2";
				TEST_HOST = "$(BUILT_PRODUCTS_DIR)/bbc.app/bbc";
			};
			name = Release;
		};
/* End XCBuildConfiguration section */

/* Begin XCConfigurationList section */
		0B295CC81FBC8EF700898DA7 /* Build configuration list for PBXProject "bbc" */ = {
			isa = XCConfigurationList;
			buildConfigurations = (
				0B295CE81FBC8EF700898DA7 /* Debug */,
				0B295CE91FBC8EF700898DA7 /* Release */,
			);
			defaultConfigurationIsVisible = 0;
			defaultConfigurationName = Release;
		};
		0B295CEA1FBC8EF700898DA7 /* Build configuration list for PBXNativeTarget "bbc" */ = {
			isa = XCConfigurationList;
			buildConfigurations = (
				0B295CEB1FBC8EF700898DA7 /* Debug */,
				0B295CEC1FBC8EF700898DA7 /* Release */,
			);
			defaultConfigurationIsVisible = 0;
			defaultConfigurationName = Release;
		};
		0B295CED1FBC8EF700898DA7 /* Build configuration list for PBXNativeTarget "bbcTests" */ = {
			isa = XCConfigurationList;
			buildConfigurations = (
				0B295CEE1FBC8EF700898DA7 /* Debug */,
				0B295CEF1FBC8EF700898DA7 /* Release */,
			);
			defaultConfigurationIsVisible = 0;
			defaultConfigurationName = Release;
		};
/* End XCConfigurationList section */
	};
	rootObject = 0B295CC51FBC8EF700898DA7 /* Project object */;
}
